
Microsoft Visual Studio Solution File, Format Version 12.00
Project("{2150E333-8FDC-42A3-9474-1A3956D46DE8}") = "Sample", "Sample", "{55894EF1-5EBE-435F-BA2A-A885ACFF813B}"
EndProject
Project("{FAE04EC0-301F-11D3-BF4B-00C04F79EFBC}") = "Sample.Api", "Sample.Api\Sample.Api.csproj", "{943F349E-46F0-4889-9B1E-B86ACF522336}"
EndProject
Project("{FAE04EC0-301F-11D3-BF4B-00C04F79EFBC}") = "Sample.Contracts", "Sample.Contracts\Sample.Contracts.csproj", "{BE5DA1D4-BCC6-4CD4-9D57-07948CC4CF85}"
EndProject
Project("{FAE04EC0-301F-11D3-BF4B-00C04F79EFBC}") = "Sample.Components", "Sample.Components\Sample.Components.csproj", "{1F679A98-DB9E-4295-9A4F-27333CD7F069}"
EndProject
Project("{FAE04EC0-301F-11D3-BF4B-00C04F79EFBC}") = "Sample.Service", "Sample.Service\Sample.Service.csproj", "{91EE9D09-9A79-4A06-BE03-44F56D466996}"
EndProject
Project("{FAE04EC0-301F-11D3-BF4B-00C04F79EFBC}") = "Sample.Components.Tests", "Sample.Components.Tests\Sample.Components.Tests.csproj", "{ADE1AFCA-DE2F-4345-9F67-A653A4EDA269}"
EndProject
Project("{2150E333-8FDC-42A3-9474-1A3956D46DE8}") = "Warehouse", "Warehouse", "{8AFF1760-B83B-4600-973A-D35692D548B4}"
EndProject
Project("{FAE04EC0-301F-11D3-BF4B-00C04F79EFBC}") = "Warehouse.Contracts", "Warehouse.Contracts\Warehouse.Contracts.csproj", "{7AF40AEF-995F-4D63-8888-438BEF59532D}"
EndProject
Project("{FAE04EC0-301F-11D3-BF4B-00C04F79EFBC}") = "Warehouse.Components", "Warehouse.Components\Warehouse.Components.csproj", "{101583B8-6B79-4AE1-992A-7FB58C8C29C4}"
EndProject
Project("{FAE04EC0-301F-11D3-BF4B-00C04F79EFBC}") = "Warehouse.Service", "Warehouse.Service\Warehouse.Service.csproj", "{E44D8246-BEA0-40A3-813F-79D83A4256A6}"
EndProject
Project("{2150E333-8FDC-42A3-9474-1A3956D46DE8}") = "Client", "Client", "{868102BB-D986-4A3B-A7FD-6A4D651ACB63}"
EndProject
Project("{FAE04EC0-301F-11D3-BF4B-00C04F79EFBC}") = "Client.Console", "Client.Console\Client.Console.csproj", "{973C1251-3F54-4300-BFBE-C846A9B8A2D3}"
EndProject
Global
	GlobalSection(SolutionConfigurationPlatforms) = preSolution
		Debug|Any CPU = Debug|Any CPU
		Release|Any CPU = Release|Any CPU
	EndGlobalSection
	GlobalSection(NestedProjects) = preSolution
		{943F349E-46F0-4889-9B1E-B86ACF522336} = {55894EF1-5EBE-435F-BA2A-A885ACFF813B}
		{BE5DA1D4-BCC6-4CD4-9D57-07948CC4CF85} = {55894EF1-5EBE-435F-BA2A-A885ACFF813B}
		{1F679A98-DB9E-4295-9A4F-27333CD7F069} = {55894EF1-5EBE-435F-BA2A-A885ACFF813B}
		{91EE9D09-9A79-4A06-BE03-44F56D466996} = {55894EF1-5EBE-435F-BA2A-A885ACFF813B}
		{ADE1AFCA-DE2F-4345-9F67-A653A4EDA269} = {55894EF1-5EBE-435F-BA2A-A885ACFF813B}
		{7AF40AEF-995F-4D63-8888-438BEF59532D} = {8AFF1760-B83B-4600-973A-D35692D548B4}
		{101583B8-6B79-4AE1-992A-7FB58C8C29C4} = {8AFF1760-B83B-4600-973A-D35692D548B4}
		{E44D8246-BEA0-40A3-813F-79D83A4256A6} = {8AFF1760-B83B-4600-973A-D35692D548B4}
		{973C1251-3F54-4300-BFBE-C846A9B8A2D3} = {868102BB-D986-4A3B-A7FD-6A4D651ACB63}
	EndGlobalSection
	GlobalSection(ProjectConfigurationPlatforms) = postSolution
		{943F349E-46F0-4889-9B1E-B86ACF522336}.Debug|Any CPU.ActiveCfg = Debug|Any CPU
		{943F349E-46F0-4889-9B1E-B86ACF522336}.Debug|Any CPU.Build.0 = Debug|Any CPU
		{943F349E-46F0-4889-9B1E-B86ACF522336}.Release|Any CPU.ActiveCfg = Release|Any CPU
		{943F349E-46F0-4889-9B1E-B86ACF522336}.Release|Any CPU.Build.0 = Release|Any CPU
		{BE5DA1D4-BCC6-4CD4-9D57-07948CC4CF85}.Debug|Any CPU.ActiveCfg = Debug|Any CPU
		{BE5DA1D4-BCC6-4CD4-9D57-07948CC4CF85}.Debug|Any CPU.Build.0 = Debug|Any CPU
		{BE5DA1D4-BCC6-4CD4-9D57-07948CC4CF85}.Release|Any CPU.ActiveCfg = Release|Any CPU
		{BE5DA1D4-BCC6-4CD4-9D57-07948CC4CF85}.Release|Any CPU.Build.0 = Release|Any CPU
		{1F679A98-DB9E-4295-9A4F-27333CD7F069}.Debug|Any CPU.ActiveCfg = Debug|Any CPU
		{1F679A98-DB9E-4295-9A4F-27333CD7F069}.Debug|Any CPU.Build.0 = Debug|Any CPU
		{1F679A98-DB9E-4295-9A4F-27333CD7F069}.Release|Any CPU.ActiveCfg = Release|Any CPU
		{1F679A98-DB9E-4295-9A4F-27333CD7F069}.Release|Any CPU.Build.0 = Release|Any CPU
		{91EE9D09-9A79-4A06-BE03-44F56D466996}.Debug|Any CPU.ActiveCfg = Debug|Any CPU
		{91EE9D09-9A79-4A06-BE03-44F56D466996}.Debug|Any CPU.Build.0 = Debug|Any CPU
		{91EE9D09-9A79-4A06-BE03-44F56D466996}.Release|Any CPU.ActiveCfg = Release|Any CPU
		{91EE9D09-9A79-4A06-BE03-44F56D466996}.Release|Any CPU.Build.0 = Release|Any CPU
		{ADE1AFCA-DE2F-4345-9F67-A653A4EDA269}.Debug|Any CPU.ActiveCfg = Debug|Any CPU
		{ADE1AFCA-DE2F-4345-9F67-A653A4EDA269}.Debug|Any CPU.Build.0 = Debug|Any CPU
		{ADE1AFCA-DE2F-4345-9F67-A653A4EDA269}.Release|Any CPU.ActiveCfg = Release|Any CPU
		{ADE1AFCA-DE2F-4345-9F67-A653A4EDA269}.Release|Any CPU.Build.0 = Release|Any CPU
		{7AF40AEF-995F-4D63-8888-438BEF59532D}.Debug|Any CPU.ActiveCfg = Debug|Any CPU
		{7AF40AEF-995F-4D63-8888-438BEF59532D}.Debug|Any CPU.Build.0 = Debug|Any CPU
		{7AF40AEF-995F-4D63-8888-438BEF59532D}.Release|Any CPU.ActiveCfg = Release|Any CPU
		{7AF40AEF-995F-4D63-8888-438BEF59532D}.Release|Any CPU.Build.0 = Release|Any CPU
		{101583B8-6B79-4AE1-992A-7FB58C8C29C4}.Debug|Any CPU.ActiveCfg = Debug|Any CPU
		{101583B8-6B79-4AE1-992A-7FB58C8C29C4}.Debug|Any CPU.Build.0 = Debug|Any CPU
		{101583B8-6B79-4AE1-992A-7FB58C8C29C4}.Release|Any CPU.ActiveCfg = Release|Any CPU
		{101583B8-6B79-4AE1-992A-7FB58C8C29C4}.Release|Any CPU.Build.0 = Release|Any CPU
		{E44D8246-BEA0-40A3-813F-79D83A4256A6}.Debug|Any CPU.ActiveCfg = Debug|Any CPU
		{E44D8246-BEA0-40A3-813F-79D83A4256A6}.Debug|Any CPU.Build.0 = Debug|Any CPU
		{E44D8246-BEA0-40A3-813F-79D83A4256A6}.Release|Any CPU.ActiveCfg = Release|Any CPU
		{E44D8246-BEA0-40A3-813F-79D83A4256A6}.Release|Any CPU.Build.0 = Release|Any CPU
		{973C1251-3F54-4300-BFBE-C846A9B8A2D3}.Debug|Any CPU.ActiveCfg = Debug|Any CPU
		{973C1251-3F54-4300-BFBE-C846A9B8A2D3}.Debug|Any CPU.Build.0 = Debug|Any CPU
		{973C1251-3F54-4300-BFBE-C846A9B8A2D3}.Release|Any CPU.ActiveCfg = Release|Any CPU
		{973C1251-3F54-4300-BFBE-C846A9B8A2D3}.Release|Any CPU.Build.0 = Release|Any CPU
	EndGlobalSection
EndGlobal
