
Microsoft Visual Studio Solution File, Format Version 12.00
Project("{2150E333-8FDC-42A3-9474-1A3956D46DE8}") = "Sample", "Sample", "{55894EF1-5EBE-435F-BA2A-A885ACFF813B}"
EndProject
Project("{FAE04EC0-301F-11D3-BF4B-00C04F79EFBC}") = "Sample.Api", "Sample.Api\Sample.Api.csproj", "{943F349E-46F0-4889-9B1E-B86ACF522336}"
EndProject
Global
	GlobalSection(SolutionConfigurationPlatforms) = preSolution
		Debug|Any CPU = Debug|Any CPU
		Release|Any CPU = Release|Any CPU
	EndGlobalSection
	GlobalSection(NestedProjects) = preSolution
		{943F349E-46F0-4889-9B1E-B86ACF522336} = {55894EF1-5EBE-435F-BA2A-A885ACFF813B}
	EndGlobalSection
	GlobalSection(ProjectConfigurationPlatforms) = postSolution
		{943F349E-46F0-4889-9B1E-B86ACF522336}.Debug|Any CPU.ActiveCfg = Debug|Any CPU
		{943F349E-46F0-4889-9B1E-B86ACF522336}.Debug|Any CPU.Build.0 = Debug|Any CPU
		{943F349E-46F0-4889-9B1E-B86ACF522336}.Release|Any CPU.ActiveCfg = Release|Any CPU
		{943F349E-46F0-4889-9B1E-B86ACF522336}.Release|Any CPU.Build.0 = Release|Any CPU
	EndGlobalSection
EndGlobal
