
Microsoft Visual Studio Solution File, Format Version 12.00
Project("{2150E333-8FDC-42A3-9474-1A3956D46DE8}") = "Sample", "Sample", "{55894EF1-5EBE-435F-BA2A-A885ACFF813B}"
EndProject
Project("{FAE04EC0-301F-11D3-BF4B-00C04F79EFBC}") = "Sample.Api", "Sample.Api\Sample.Api.csproj", "{943F349E-46F0-4889-9B1E-B86ACF522336}"
EndProject
Project("{FAE04EC0-301F-11D3-BF4B-00C04F79EFBC}") = "Sample.Contracts", "Sample.Contracts\Sample.Contracts.csproj", "{BE5DA1D4-BCC6-4CD4-9D57-07948CC4CF85}"
EndProject
Project("{FAE04EC0-301F-11D3-BF4B-00C04F79EFBC}") = "Sample.Components", "Sample.Components\Sample.Components.csproj", "{1F679A98-DB9E-4295-9A4F-27333CD7F069}"
EndProject
Global
	GlobalSection(SolutionConfigurationPlatforms) = preSolution
		Debug|Any CPU = Debug|Any CPU
		Release|Any CPU = Release|Any CPU
	EndGlobalSection
	GlobalSection(NestedProjects) = preSolution
		{943F349E-46F0-4889-9B1E-B86ACF522336} = {55894EF1-5EBE-435F-BA2A-A885ACFF813B}
		{BE5DA1D4-BCC6-4CD4-9D57-07948CC4CF85} = {55894EF1-5EBE-435F-BA2A-A885ACFF813B}
		{1F679A98-DB9E-4295-9A4F-27333CD7F069} = {55894EF1-5EBE-435F-BA2A-A885ACFF813B}
	EndGlobalSection
	GlobalSection(ProjectConfigurationPlatforms) = postSolution
		{943F349E-46F0-4889-9B1E-B86ACF522336}.Debug|Any CPU.ActiveCfg = Debug|Any CPU
		{943F349E-46F0-4889-9B1E-B86ACF522336}.Debug|Any CPU.Build.0 = Debug|Any CPU
		{943F349E-46F0-4889-9B1E-B86ACF522336}.Release|Any CPU.ActiveCfg = Release|Any CPU
		{943F349E-46F0-4889-9B1E-B86ACF522336}.Release|Any CPU.Build.0 = Release|Any CPU
		{BE5DA1D4-BCC6-4CD4-9D57-07948CC4CF85}.Debug|Any CPU.ActiveCfg = Debug|Any CPU
		{BE5DA1D4-BCC6-4CD4-9D57-07948CC4CF85}.Debug|Any CPU.Build.0 = Debug|Any CPU
		{BE5DA1D4-BCC6-4CD4-9D57-07948CC4CF85}.Release|Any CPU.ActiveCfg = Release|Any CPU
		{BE5DA1D4-BCC6-4CD4-9D57-07948CC4CF85}.Release|Any CPU.Build.0 = Release|Any CPU
		{1F679A98-DB9E-4295-9A4F-27333CD7F069}.Debug|Any CPU.ActiveCfg = Debug|Any CPU
		{1F679A98-DB9E-4295-9A4F-27333CD7F069}.Debug|Any CPU.Build.0 = Debug|Any CPU
		{1F679A98-DB9E-4295-9A4F-27333CD7F069}.Release|Any CPU.ActiveCfg = Release|Any CPU
		{1F679A98-DB9E-4295-9A4F-27333CD7F069}.Release|Any CPU.Build.0 = Release|Any CPU
	EndGlobalSection
EndGlobal
